
Microsoft Visual Studio Solution File, Format Version 12.00
# Visual Studio Version 17
VisualStudioVersion = 17.4.33213.308
MinimumVisualStudioVersion = 10.0.40219.1
Project("{9A19103F-16F7-4668-BE54-9A1E7A4F7556}") = "HaddySimHub", "HaddySimHub\HaddySimHub.csproj", "{4D5C7470-E2DB-4233-89E5-09E145DA5378}"
EndProject
Project("{9A19103F-16F7-4668-BE54-9A1E7A4F7556}") = "SCSSdkClient", "SCSSdkClient\SCSSdkClient.csproj", "{84A64D07-8BC6-41AF-A337-019268C073CF}"
EndProject
Project("{9A19103F-16F7-4668-BE54-9A1E7A4F7556}") = "iRacingSDK.Net", "iRacingSDK.Net\iRacingSDK.Net.csproj", "{9BA3407D-0295-4196-851E-8DB3E522178A}"
EndProject
Project("{FAE04EC0-301F-11D3-BF4B-00C04F79EFBC}") = "Updater", "Updater\Updater.csproj", "{05336AD5-8D65-40C9-94E1-2CFDC1D96FB8}"
EndProject
Global
	GlobalSection(SolutionConfigurationPlatforms) = preSolution
		Debug|Any CPU = Debug|Any CPU
		Release|Any CPU = Release|Any CPU
	EndGlobalSection
	GlobalSection(ProjectConfigurationPlatforms) = postSolution
		{4D5C7470-E2DB-4233-89E5-09E145DA5378}.Debug|Any CPU.ActiveCfg = Debug|Any CPU
		{4D5C7470-E2DB-4233-89E5-09E145DA5378}.Debug|Any CPU.Build.0 = Debug|Any CPU
		{4D5C7470-E2DB-4233-89E5-09E145DA5378}.Release|Any CPU.ActiveCfg = Release|Any CPU
		{4D5C7470-E2DB-4233-89E5-09E145DA5378}.Release|Any CPU.Build.0 = Release|Any CPU
		{84A64D07-8BC6-41AF-A337-019268C073CF}.Debug|Any CPU.ActiveCfg = Debug|Any CPU
		{84A64D07-8BC6-41AF-A337-019268C073CF}.Debug|Any CPU.Build.0 = Debug|Any CPU
		{84A64D07-8BC6-41AF-A337-019268C073CF}.Release|Any CPU.ActiveCfg = Release|Any CPU
		{84A64D07-8BC6-41AF-A337-019268C073CF}.Release|Any CPU.Build.0 = Release|Any CPU
		{9BA3407D-0295-4196-851E-8DB3E522178A}.Debug|Any CPU.ActiveCfg = Debug|Any CPU
		{9BA3407D-0295-4196-851E-8DB3E522178A}.Debug|Any CPU.Build.0 = Debug|Any CPU
		{9BA3407D-0295-4196-851E-8DB3E522178A}.Release|Any CPU.ActiveCfg = Release|Any CPU
		{9BA3407D-0295-4196-851E-8DB3E522178A}.Release|Any CPU.Build.0 = Release|Any CPU
		{05336AD5-8D65-40C9-94E1-2CFDC1D96FB8}.Debug|Any CPU.ActiveCfg = Debug|Any CPU
		{05336AD5-8D65-40C9-94E1-2CFDC1D96FB8}.Debug|Any CPU.Build.0 = Debug|Any CPU
		{05336AD5-8D65-40C9-94E1-2CFDC1D96FB8}.Release|Any CPU.ActiveCfg = Release|Any CPU
		{05336AD5-8D65-40C9-94E1-2CFDC1D96FB8}.Release|Any CPU.Build.0 = Release|Any CPU
	EndGlobalSection
	GlobalSection(SolutionProperties) = preSolution
		HideSolutionNode = FALSE
	EndGlobalSection
	GlobalSection(ExtensibilityGlobals) = postSolution
		SolutionGuid = {A6C2F9A8-1E12-4F5A-A4F6-515A28544B9F}
	EndGlobalSection
EndGlobal
